
Microsoft Visual Studio Solution File, Format Version 12.00
# Visual Studio Version 17
VisualStudioVersion = 17.11.35222.181
MinimumVisualStudioVersion = 10.0.40219.1
Project("{FAE04EC0-301F-11D3-BF4B-00C04F79EFBC}") = "CRUD", "CRUD\CRUD.csproj", "{06A85597-A993-42D5-AF01-A6E3FF0B25DA}"
EndProject
Global
	GlobalSection(SolutionConfigurationPlatforms) = preSolution
		Debug|Any CPU = Debug|Any CPU
		Release|Any CPU = Release|Any CPU
	EndGlobalSection
	GlobalSection(ProjectConfigurationPlatforms) = postSolution
		{06A85597-A993-42D5-AF01-A6E3FF0B25DA}.Debug|Any CPU.ActiveCfg = Debug|Any CPU
		{06A85597-A993-42D5-AF01-A6E3FF0B25DA}.Debug|Any CPU.Build.0 = Debug|Any CPU
		{06A85597-A993-42D5-AF01-A6E3FF0B25DA}.Debug|Any CPU.Deploy.0 = Debug|Any CPU
		{06A85597-A993-42D5-AF01-A6E3FF0B25DA}.Release|Any CPU.ActiveCfg = Release|Any CPU
		{06A85597-A993-42D5-AF01-A6E3FF0B25DA}.Release|Any CPU.Build.0 = Release|Any CPU
		{06A85597-A993-42D5-AF01-A6E3FF0B25DA}.Release|Any CPU.Deploy.0 = Release|Any CPU
	EndGlobalSection
	GlobalSection(SolutionProperties) = preSolution
		HideSolutionNode = FALSE
	EndGlobalSection
	GlobalSection(ExtensibilityGlobals) = postSolution
		SolutionGuid = {057527FD-A3E6-4004-B34A-F048516BE155}
	EndGlobalSection
EndGlobal
